
Microsoft Visual Studio Solution File, Format Version 12.00
# Visual Studio Version 17
VisualStudioVersion = 17.0.31903.59
MinimumVisualStudioVersion = 10.0.40219.1
Project("{FAE04EC0-301F-11D3-BF4B-00C04F79EFBC}") = "Recurssion_CSharp", "Recurssion_CSharp\Recurssion_CSharp.csproj", "{76753DAF-00CC-41A4-9C15-5261117D9BCC}"
EndProject
Global
	GlobalSection(SolutionConfigurationPlatforms) = preSolution
		Debug|Any CPU = Debug|Any CPU
		Release|Any CPU = Release|Any CPU
	EndGlobalSection
	GlobalSection(ProjectConfigurationPlatforms) = postSolution
		{76753DAF-00CC-41A4-9C15-5261117D9BCC}.Debug|Any CPU.ActiveCfg = Debug|Any CPU
		{76753DAF-00CC-41A4-9C15-5261117D9BCC}.Debug|Any CPU.Build.0 = Debug|Any CPU
		{76753DAF-00CC-41A4-9C15-5261117D9BCC}.Release|Any CPU.ActiveCfg = Release|Any CPU
		{76753DAF-00CC-41A4-9C15-5261117D9BCC}.Release|Any CPU.Build.0 = Release|Any CPU
	EndGlobalSection
	GlobalSection(SolutionProperties) = preSolution
		HideSolutionNode = FALSE
	EndGlobalSection
	GlobalSection(ExtensibilityGlobals) = postSolution
		SolutionGuid = {5A9E2989-2BEF-4219-B97D-85021FBEBE49}
	EndGlobalSection
EndGlobal
